
Microsoft Visual Studio Solution File, Format Version 12.00
# Visual Studio Version 17
VisualStudioVersion = 17.10.35013.160
MinimumVisualStudioVersion = 10.0.40219.1
Project("{FAE04EC0-301F-11D3-BF4B-00C04F79EFBC}") = "Ecommerce.Produtos.API", "Ecommerce.Produtos.API\Ecommerce.Produtos.API.csproj", "{D7DD8F11-7267-49A9-A069-5F34051E9B00}"
EndProject
Project("{2150E333-8FDC-42A3-9474-1A3956D46DE8}") = "0 - Presentation", "0 - Presentation", "{E8EE9102-A605-48EB-9EDB-A7F826C2D410}"
EndProject
Project("{2150E333-8FDC-42A3-9474-1A3956D46DE8}") = "2 - Domain", "2 - Domain", "{11D53A45-A342-4AAD-9CE8-211848E07031}"
EndProject
Project("{2150E333-8FDC-42A3-9474-1A3956D46DE8}") = "1 - Application", "1 - Application", "{545675DE-24CA-45ED-B425-EFF360668936}"
EndProject
Project("{2150E333-8FDC-42A3-9474-1A3956D46DE8}") = "3 - Infrastructure", "3 - Infrastructure", "{DDF399D9-FABF-427D-A112-DE27075EF925}"
EndProject
Project("{FAE04EC0-301F-11D3-BF4B-00C04F79EFBC}") = "Ecommerce.Produtos.Application", "Ecommerce.Produtos.Application\Ecommerce.Produtos.Application.csproj", "{92F6A68E-B909-43A3-A497-D004A8F69350}"
EndProject
Project("{FAE04EC0-301F-11D3-BF4B-00C04F79EFBC}") = "Ecommerce.Produtos.Domain", "Ecommerce.Produtos.Domain\Ecommerce.Produtos.Domain.csproj", "{2680C0A6-6AB5-4994-B275-6EC5B95C82C9}"
EndProject
Project("{FAE04EC0-301F-11D3-BF4B-00C04F79EFBC}") = "Ecommerce.Produtos.Data", "Ecommerce.Produtos.Data\Ecommerce.Produtos.Data.csproj", "{F2A8C70B-01AC-4DFA-A05E-AC7B09AE53F4}"
EndProject
Global
	GlobalSection(SolutionConfigurationPlatforms) = preSolution
		Debug|Any CPU = Debug|Any CPU
		Release|Any CPU = Release|Any CPU
	EndGlobalSection
	GlobalSection(ProjectConfigurationPlatforms) = postSolution
		{D7DD8F11-7267-49A9-A069-5F34051E9B00}.Debug|Any CPU.ActiveCfg = Debug|Any CPU
		{D7DD8F11-7267-49A9-A069-5F34051E9B00}.Debug|Any CPU.Build.0 = Debug|Any CPU
		{D7DD8F11-7267-49A9-A069-5F34051E9B00}.Release|Any CPU.ActiveCfg = Release|Any CPU
		{D7DD8F11-7267-49A9-A069-5F34051E9B00}.Release|Any CPU.Build.0 = Release|Any CPU
		{92F6A68E-B909-43A3-A497-D004A8F69350}.Debug|Any CPU.ActiveCfg = Debug|Any CPU
		{92F6A68E-B909-43A3-A497-D004A8F69350}.Debug|Any CPU.Build.0 = Debug|Any CPU
		{92F6A68E-B909-43A3-A497-D004A8F69350}.Release|Any CPU.ActiveCfg = Release|Any CPU
		{92F6A68E-B909-43A3-A497-D004A8F69350}.Release|Any CPU.Build.0 = Release|Any CPU
		{2680C0A6-6AB5-4994-B275-6EC5B95C82C9}.Debug|Any CPU.ActiveCfg = Debug|Any CPU
		{2680C0A6-6AB5-4994-B275-6EC5B95C82C9}.Debug|Any CPU.Build.0 = Debug|Any CPU
		{2680C0A6-6AB5-4994-B275-6EC5B95C82C9}.Release|Any CPU.ActiveCfg = Release|Any CPU
		{2680C0A6-6AB5-4994-B275-6EC5B95C82C9}.Release|Any CPU.Build.0 = Release|Any CPU
		{F2A8C70B-01AC-4DFA-A05E-AC7B09AE53F4}.Debug|Any CPU.ActiveCfg = Debug|Any CPU
		{F2A8C70B-01AC-4DFA-A05E-AC7B09AE53F4}.Debug|Any CPU.Build.0 = Debug|Any CPU
		{F2A8C70B-01AC-4DFA-A05E-AC7B09AE53F4}.Release|Any CPU.ActiveCfg = Release|Any CPU
		{F2A8C70B-01AC-4DFA-A05E-AC7B09AE53F4}.Release|Any CPU.Build.0 = Release|Any CPU
	EndGlobalSection
	GlobalSection(SolutionProperties) = preSolution
		HideSolutionNode = FALSE
	EndGlobalSection
	GlobalSection(NestedProjects) = preSolution
		{D7DD8F11-7267-49A9-A069-5F34051E9B00} = {E8EE9102-A605-48EB-9EDB-A7F826C2D410}
		{92F6A68E-B909-43A3-A497-D004A8F69350} = {545675DE-24CA-45ED-B425-EFF360668936}
		{2680C0A6-6AB5-4994-B275-6EC5B95C82C9} = {11D53A45-A342-4AAD-9CE8-211848E07031}
		{F2A8C70B-01AC-4DFA-A05E-AC7B09AE53F4} = {DDF399D9-FABF-427D-A112-DE27075EF925}
	EndGlobalSection
	GlobalSection(ExtensibilityGlobals) = postSolution
		SolutionGuid = {E156AEFC-B3C2-4D4C-B835-F21D42C7A355}
	EndGlobalSection
EndGlobal
